
Microsoft Visual Studio Solution File, Format Version 12.00
# Visual Studio Version 17
VisualStudioVersion = 17.13.35931.197 d17.13
MinimumVisualStudioVersion = 10.0.40219.1
Project("{2150E333-8FDC-42A3-9474-1A3956D46DE8}") = "1-SRP", "1-SRP", "{02EA681E-C7D8-13C7-8484-4AC65E1B71E8}"
EndProject
Project("{2150E333-8FDC-42A3-9474-1A3956D46DE8}") = "2-OCP", "2-OCP", "{6A73D1D1-AF4B-4949-B9B3-C315433D8F63}"
EndProject
Project("{2150E333-8FDC-42A3-9474-1A3956D46DE8}") = "3-LSP", "3-LSP", "{486233B9-AB30-463A-A651-611FBA2B56B8}"
EndProject
Project("{2150E333-8FDC-42A3-9474-1A3956D46DE8}") = "4-ISP", "4-ISP", "{5DEEE775-0C4B-4632-9AB5-FE55D9A65DB6}"
EndProject
Project("{2150E333-8FDC-42A3-9474-1A3956D46DE8}") = "5-DIP", "5-DIP", "{77FDC199-6B56-40B0-A920-C6E793624A3C}"
EndProject
Project("{FAE04EC0-301F-11D3-BF4B-00C04F79EFBC}") = "srp", "srp\srp.csproj", "{DBBEDD12-9AA7-4C15-8556-DE108CFD5B9A}"
EndProject
Project("{FAE04EC0-301F-11D3-BF4B-00C04F79EFBC}") = "ocp", "ocp\ocp.csproj", "{FDB275C9-BF4E-4900-98FE-EF0F25929F3E}"
EndProject
Project("{FAE04EC0-301F-11D3-BF4B-00C04F79EFBC}") = "lsp", "lsp\lsp.csproj", "{C5B98EC5-8ABB-43BF-9A83-6C032B053097}"
EndProject
Project("{FAE04EC0-301F-11D3-BF4B-00C04F79EFBC}") = "Problem", "ConsoleApp1\Problem.csproj", "{03BCB131-6404-4A20-84C2-1DA4A9DBF4C7}"
EndProject
Project("{FAE04EC0-301F-11D3-BF4B-00C04F79EFBC}") = "Solution", "Solution\Solution.csproj", "{917BC80C-F9E5-48DB-BC52-3288C6E63290}"
EndProject
Global
	GlobalSection(SolutionConfigurationPlatforms) = preSolution
		Debug|Any CPU = Debug|Any CPU
		Release|Any CPU = Release|Any CPU
	EndGlobalSection
	GlobalSection(ProjectConfigurationPlatforms) = postSolution
		{DBBEDD12-9AA7-4C15-8556-DE108CFD5B9A}.Debug|Any CPU.ActiveCfg = Debug|Any CPU
		{DBBEDD12-9AA7-4C15-8556-DE108CFD5B9A}.Debug|Any CPU.Build.0 = Debug|Any CPU
		{DBBEDD12-9AA7-4C15-8556-DE108CFD5B9A}.Release|Any CPU.ActiveCfg = Release|Any CPU
		{DBBEDD12-9AA7-4C15-8556-DE108CFD5B9A}.Release|Any CPU.Build.0 = Release|Any CPU
		{FDB275C9-BF4E-4900-98FE-EF0F25929F3E}.Debug|Any CPU.ActiveCfg = Debug|Any CPU
		{FDB275C9-BF4E-4900-98FE-EF0F25929F3E}.Debug|Any CPU.Build.0 = Debug|Any CPU
		{FDB275C9-BF4E-4900-98FE-EF0F25929F3E}.Release|Any CPU.ActiveCfg = Release|Any CPU
		{FDB275C9-BF4E-4900-98FE-EF0F25929F3E}.Release|Any CPU.Build.0 = Release|Any CPU
		{C5B98EC5-8ABB-43BF-9A83-6C032B053097}.Debug|Any CPU.ActiveCfg = Debug|Any CPU
		{C5B98EC5-8ABB-43BF-9A83-6C032B053097}.Debug|Any CPU.Build.0 = Debug|Any CPU
		{C5B98EC5-8ABB-43BF-9A83-6C032B053097}.Release|Any CPU.ActiveCfg = Release|Any CPU
		{C5B98EC5-8ABB-43BF-9A83-6C032B053097}.Release|Any CPU.Build.0 = Release|Any CPU
		{03BCB131-6404-4A20-84C2-1DA4A9DBF4C7}.Debug|Any CPU.ActiveCfg = Debug|Any CPU
		{03BCB131-6404-4A20-84C2-1DA4A9DBF4C7}.Debug|Any CPU.Build.0 = Debug|Any CPU
		{03BCB131-6404-4A20-84C2-1DA4A9DBF4C7}.Release|Any CPU.ActiveCfg = Release|Any CPU
		{03BCB131-6404-4A20-84C2-1DA4A9DBF4C7}.Release|Any CPU.Build.0 = Release|Any CPU
		{917BC80C-F9E5-48DB-BC52-3288C6E63290}.Debug|Any CPU.ActiveCfg = Debug|Any CPU
		{917BC80C-F9E5-48DB-BC52-3288C6E63290}.Debug|Any CPU.Build.0 = Debug|Any CPU
		{917BC80C-F9E5-48DB-BC52-3288C6E63290}.Release|Any CPU.ActiveCfg = Release|Any CPU
		{917BC80C-F9E5-48DB-BC52-3288C6E63290}.Release|Any CPU.Build.0 = Release|Any CPU
	EndGlobalSection
	GlobalSection(SolutionProperties) = preSolution
		HideSolutionNode = FALSE
	EndGlobalSection
	GlobalSection(NestedProjects) = preSolution
		{DBBEDD12-9AA7-4C15-8556-DE108CFD5B9A} = {02EA681E-C7D8-13C7-8484-4AC65E1B71E8}
		{FDB275C9-BF4E-4900-98FE-EF0F25929F3E} = {6A73D1D1-AF4B-4949-B9B3-C315433D8F63}
		{C5B98EC5-8ABB-43BF-9A83-6C032B053097} = {486233B9-AB30-463A-A651-611FBA2B56B8}
		{03BCB131-6404-4A20-84C2-1DA4A9DBF4C7} = {486233B9-AB30-463A-A651-611FBA2B56B8}
		{917BC80C-F9E5-48DB-BC52-3288C6E63290} = {486233B9-AB30-463A-A651-611FBA2B56B8}
	EndGlobalSection
	GlobalSection(ExtensibilityGlobals) = postSolution
		SolutionGuid = {367B46B8-3069-4FEF-825A-D926E5DC4DCB}
	EndGlobalSection
EndGlobal
